# THIS IS AN AUTOGENERATED FILE. DO NOT EDIT THIS FILE DIRECTLY.
# yarn lockfile v1


"@eliaspourquoi/heritage@^0.1.8":
  version "0.1.8"
  resolved "https://registry.yarnpkg.com/@eliaspourquoi/heritage/-/heritage-0.1.8.tgz#9f7afb604d8c4908ae6cbc43eb2ac53d775205bb"
  integrity sha512-02p87wChvhvs0DftoBqtbQiaAJrfJXlI7yfPgxdLkLvOH0A2aWZzQLryjmtXRvxpryEznGatfYNHbWUKqvRfJA==
  dependencies:
    acorn "^7.2.0"
    node-fetch "^2.6.0"

"@hyperswarm/dht@^3.2.0":
  version "3.6.5"
  resolved "https://registry.yarnpkg.com/@hyperswarm/dht/-/dht-3.6.5.tgz#a40d3b7df6e209a10accfb9446cc7580c4f10d6d"
  integrity sha512-SJL3cVG0ahecikal+Xv4+AbUYo/PVcymD36bX7C71E3Q3iUR5eNntXRoZP0BgOklMFT/x5rzkHy6HJYYxPa7pQ==
  dependencies:
    "@hyperswarm/hypersign" "^2.0.0"
    dht-rpc "^4.8.0"
    end-of-stream "^1.4.1"
    guard-timeout "^2.0.0"
    hashlru "^2.3.0"
    protocol-buffers-encodings "^1.1.0"
    record-cache "^1.1.0"
    sodium-native "^3.1.1"
    uint64be "^2.0.2"

"@hyperswarm/discovery@^1.6.0":
  version "1.11.4"
  resolved "https://registry.yarnpkg.com/@hyperswarm/discovery/-/discovery-1.11.4.tgz#9120e8482331c9bc0848dcf53fdfb72da4cf80f4"
  integrity sha512-IZ902SwvoV7CAnsNvCymV8CdFUOupNB6Shk207sUQfK7b3qHc/hP90bu0xsVDrao+YCQPC3J6Zdpb+Q047MBTg==
  dependencies:
    "@hyperswarm/dht" "^3.2.0"
    multicast-dns "^7.2.0"
    timeout-refresh "^1.0.2"

"@hyperswarm/hypersign@^2.0.0":
  version "2.1.1"
  resolved "https://registry.yarnpkg.com/@hyperswarm/hypersign/-/hypersign-2.1.1.tgz#4eb7035e86b23959686ce0cb5165e3bd27641618"
  integrity sha512-RcczqJsu2VScRoyJdLbxpYMBNq+73HJT3FVzDZXSOob/WqEeiN2WIvuDtvmFoufAuO/3YVfde/NpZFc/OPjmjw==
  dependencies:
    sodium-native "^3.1.1"

"@hyperswarm/network@^1.5.0":
  version "1.5.0"
  resolved "https://registry.yarnpkg.com/@hyperswarm/network/-/network-1.5.0.tgz#214280c98a115d38bd9bf7177271385586dba043"
  integrity sha512-EtEGUew6+odJSMwbpzzSxtX7VXTDUQ16b/w7jl9MXegKPjQkLTVkGf18luO/sjWC8N81u5XEeabi6x4oKuP1tQ==
  dependencies:
    "@hyperswarm/discovery" "^1.6.0"
    nanoresource "^1.0.0"
    utp-native "^2.1.3"

acorn@^7.2.0:
  version "7.2.0"
  resolved "https://registry.yarnpkg.com/acorn/-/acorn-7.2.0.tgz#17ea7e40d7c8640ff54a694c889c26f31704effe"
  integrity sha512-apwXVmYVpQ34m/i71vrApRrRKCWQnZZF1+npOD0WV5xZFfwWOmKGQ2RWlfdy9vWITsenisM8M0Qeq8agcFHNiQ==

bencode@^2.0.0:
  version "2.0.1"
  resolved "https://registry.yarnpkg.com/bencode/-/bencode-2.0.1.tgz#667a6a31c5e038d558608333da6b7c94e836c85b"
  integrity sha512-2uhEl8FdjSBUyb69qDTgOEeeqDTa+n3yMQzLW0cOzNf1Ow5bwcg3idf+qsWisIKRH8Bk8oC7UXL8irRcPA8ZEQ==
  dependencies:
    safe-buffer "^5.1.1"

blake2b-universal@^1.0.0:
  version "1.0.0"
  resolved "https://registry.yarnpkg.com/blake2b-universal/-/blake2b-universal-1.0.0.tgz#2a9ad999a7674d0487a772d63089fe09fa0fc408"
  integrity sha512-kaOafTnAaBiyjMdILRAhmJoINfuKbYszEP1d5emtGw0S8+lDAdozQCdRufFvelwy8YgRBqD60akmrvroIIxkrA==
  dependencies:
    blake2b "^2.1.3"
    sodium-native "^3.0.1"

blake2b-wasm@^1.1.0:
  version "1.1.7"
  resolved "https://registry.yarnpkg.com/blake2b-wasm/-/blake2b-wasm-1.1.7.tgz#e4d075da10068e5d4c3ec1fb9accc4d186c55d81"
  integrity sha512-oFIHvXhlz/DUgF0kq5B1CqxIDjIJwh9iDeUUGQUcvgiGz7Wdw03McEO7CfLBy7QKGdsydcMCgO9jFNBAFCtFcA==
  dependencies:
    nanoassert "^1.0.0"

blake2b@^2.1.3:
  version "2.1.3"
  resolved "https://registry.yarnpkg.com/blake2b/-/blake2b-2.1.3.tgz#f5388be424768e7c6327025dad0c3c6d83351bca"
  integrity sha512-pkDss4xFVbMb4270aCyGD3qLv92314Et+FsKzilCLxDz5DuZ2/1g3w4nmBbu6nKApPspnjG7JcwTjGZnduB1yg==
  dependencies:
    blake2b-wasm "^1.1.0"
    nanoassert "^1.0.0"

block-stream2@^2.0.0:
  version "2.0.0"
  resolved "https://registry.yarnpkg.com/block-stream2/-/block-stream2-2.0.0.tgz#680b9d357ca8b9d5637f4ec8a41fb5968029108f"
  integrity sha512-1oI+RHHUEo64xomy1ozLgVJetFlHkIfQfJzTBQrj6xWnEMEPooeo2fZoqFjp0yzfHMBrgxwgh70tKp6T17+i3g==
  dependencies:
    readable-stream "^3.4.0"

buffer-alloc-unsafe@^1.0.0, buffer-alloc-unsafe@^1.1.0:
  version "1.1.0"
  resolved "https://registry.yarnpkg.com/buffer-alloc-unsafe/-/buffer-alloc-unsafe-1.1.0.tgz#bd7dc26ae2972d0eda253be061dba992349c19f0"
  integrity sha512-TEM2iMIEQdJ2yjPJoSIsldnleVaAk1oW3DBVUykyOLsEsFmEc9kn+SFFPz+gl54KQNxlDnAwCXosOS9Okx2xAg==

buffer-alloc@^1.1.0:
  version "1.2.0"
  resolved "https://registry.yarnpkg.com/buffer-alloc/-/buffer-alloc-1.2.0.tgz#890dd90d923a873e08e10e5fd51a57e5b7cce0ec"
  integrity sha512-CFsHQgjtW1UChdXgbyJGtnm+O/uLQeZdtbDo8mfUgYXCHSM1wgrVxXm6bSyrUuErEb+4sYVGCzASBRot7zyrow==
  dependencies:
    buffer-alloc-unsafe "^1.1.0"
    buffer-fill "^1.0.0"

buffer-fill@^1.0.0:
  version "1.0.0"
  resolved "https://registry.yarnpkg.com/buffer-fill/-/buffer-fill-1.0.0.tgz#f8f78b76789888ef39f205cd637f68e702122b2c"
  integrity sha1-+PeLdniYiO858gXNY39o5wISKyw=

codecs@^2.0.0:
  version "2.1.0"
  resolved "https://registry.yarnpkg.com/codecs/-/codecs-2.1.0.tgz#ea8878bbb0156ce977ffe275370b3851ef1181d6"
  integrity sha512-nSWYToViFEpZXOxhtMQ6IDs76TN9xKIkHOu1KCr/iFiBcgzKuY1AFPZktuXN8r82FbZ/TXP9fwITszLgcp3eQg==

core-util-is@~1.0.0:
  version "1.0.2"
  resolved "https://registry.yarnpkg.com/core-util-is/-/core-util-is-1.0.2.tgz#b5fd54220aa2bc5ab57aab7140c940754503c1a7"
  integrity sha1-tf1UIgqivFq1eqtxQMlAdUUDwac=

create-torrent@^4.4.1:
  version "4.4.1"
  resolved "https://registry.yarnpkg.com/create-torrent/-/create-torrent-4.4.1.tgz#0f4068ce375ad69d1fe13bc8aad01a42cd69ebc6"
  integrity sha512-LuoXnCRMKEo3KR3jEbCRpP3Nu2TUhLTlb/axP9+rl+ouhBpxTaHaTTN1bdUS2x2VK3wWyCBl1OZHyHhlRBntWg==
  dependencies:
    bencode "^2.0.0"
    block-stream2 "^2.0.0"
    filestream "^5.0.0"
    is-file "^1.0.0"
    junk "^3.1.0"
    minimist "^1.1.0"
    multistream "^4.0.0"
    once "^1.3.0"
    piece-length "^2.0.1"
    readable-stream "^3.0.2"
    run-parallel "^1.0.0"
    simple-sha1 "^3.0.0"

dht-rpc@^4.8.0:
  version "4.9.1"
  resolved "https://registry.yarnpkg.com/dht-rpc/-/dht-rpc-4.9.1.tgz#5e13145955bb97a5c129e0e752470ad3ae387474"
  integrity sha512-mNGTO4F1e12FRLPz1YlfV8RH5/M75SF842spPJ1F35BC+7Xo5B7YvnSoL80rAAWhtOrW1NkiVnCII384q5RDZQ==
  dependencies:
    blake2b-universal "^1.0.0"
    codecs "^2.0.0"
    ipv4-peers "^2.0.0"
    k-bucket "^5.0.0"
    protocol-buffers-encodings "^1.1.0"
    sodium-native "^3.1.1"
    speedometer "^1.1.0"
    stream-collector "^1.0.1"
    time-ordered-set "^1.0.1"
    xor-distance "^2.0.0"

dns-packet@^4.0.0:
  version "4.2.0"
  resolved "https://registry.yarnpkg.com/dns-packet/-/dns-packet-4.2.0.tgz#3fd6f5ff5a4ec3194ed0b15312693ffe8776b343"
  integrity sha512-bn1AKpfkFbm0MIioOMHZ5qJzl2uypdBwI4nYNsqvhjsegBhcKJUlCrMPWLx6JEezRjxZmxhtIz/FkBEur2l8Cw==
  dependencies:
    ip "^1.1.5"
    safe-buffer "^5.1.1"

duplexify@^3.5.0:
  version "3.7.1"
  resolved "https://registry.yarnpkg.com/duplexify/-/duplexify-3.7.1.tgz#2a4df5317f6ccfd91f86d6fd25d8d8a103b88309"
  integrity sha512-07z8uv2wMyS51kKhD1KsdXJg5WQ6t93RneqRxUHnskXVtlYYkLqM0gqStQZ3pj073g687jPCHrqNfCzawLYh5g==
  dependencies:
    end-of-stream "^1.0.0"
    inherits "^2.0.1"
    readable-stream "^2.0.0"
    stream-shift "^1.0.0"

duplexify@^4.1.1:
  version "4.1.1"
  resolved "https://registry.yarnpkg.com/duplexify/-/duplexify-4.1.1.tgz#7027dc374f157b122a8ae08c2d3ea4d2d953aa61"
  integrity sha512-DY3xVEmVHTv1wSzKNbwoU6nVjzI369Y6sPoqfYr0/xlx3IdX2n94xIszTcjPO8W8ZIv0Wb0PXNcjuZyT4wiICA==
  dependencies:
    end-of-stream "^1.4.1"
    inherits "^2.0.3"
    readable-stream "^3.1.1"
    stream-shift "^1.0.0"

end-of-stream@^1.0.0, end-of-stream@^1.1.0, end-of-stream@^1.4.1:
  version "1.4.4"
  resolved "https://registry.yarnpkg.com/end-of-stream/-/end-of-stream-1.4.4.tgz#5ae64a5f45057baf3626ec14da0ca5e4b2431eb0"
  integrity sha512-+uw1inIHVPQoaVuHzRyXd21icM+cnt4CzD5rW+NC1wjOUSTOs+Te7FOv7AhN7vS9x/oIyhLP5PR1H+phQAHu5Q==
  dependencies:
    once "^1.4.0"

esbuild@^0.2.11:
  version "0.2.12"
  resolved "https://registry.yarnpkg.com/esbuild/-/esbuild-0.2.12.tgz#77db901f471de7e8732729ff928ffc12687be453"
  integrity sha512-+PMODPa6MshZlZryeNeXxqdHF2A4phUe1AIBDAPqgHWAe5N/9IqrmCcE6RVDei0caMV7D9EBMEuY/X8+Wp5xiw==

esdev@^0.0.21:
  version "0.0.21"
  resolved "https://registry.yarnpkg.com/esdev/-/esdev-0.0.21.tgz#732ea54cc5df2195295e4d66fe9e3e62f2e4faf1"
  integrity sha512-irHYOj1yhLIgKuGcGHcTkNOv5mTqkZXxlO+P+G9KmPepIzl1DPZDlhKKZ1MQNhgUqJWv4STqngurtG6N3Wl3WA==
  dependencies:
    acorn "^7.2.0"
    esbuild "^0.2.11"
    mime "^2.4.5"
    servor "^3.3.1"

filestream@^5.0.0:
  version "5.0.0"
  resolved "https://registry.yarnpkg.com/filestream/-/filestream-5.0.0.tgz#79015f3bae95ad0f47ef818694846f085087b92e"
  integrity sha512-5H3RqSaJp12THfZiNWodYM7TiKfQvrpX+EIOrB1XvCceTys4yvfEIl8wDp+/yI8qj6Bxym8m0NYWwVXDAet/+A==
  dependencies:
    readable-stream "^3.4.0"
    typedarray-to-buffer "^3.0.0"

guard-timeout@^2.0.0:
  version "2.0.0"
  resolved "https://registry.yarnpkg.com/guard-timeout/-/guard-timeout-2.0.0.tgz#7f8f1f6d09bdeb6d0fee4cbd743d593c14d7d78a"
  integrity sha512-35geHv72oal0cRUE5t1tZ5KHm3OVPXzFtiMG8AnRPV5FkkEf84RUpeQ0BCeCZunfSLGATW5ZVyALhJKgM7I/6A==

hashlru@^2.3.0:
  version "2.3.0"
  resolved "https://registry.yarnpkg.com/hashlru/-/hashlru-2.3.0.tgz#5dc15928b3f6961a2056416bb3a4910216fdfb51"
  integrity sha512-0cMsjjIC8I+D3M44pOQdsy0OHXGLVz6Z0beRuufhKa0KfaD2wGwAev6jILzXsd3/vpnNQJmWyZtIILqM1N+n5A==

hyperswarm@^2.14.0:
  version "2.14.0"
  resolved "https://registry.yarnpkg.com/hyperswarm/-/hyperswarm-2.14.0.tgz#325357c78cabec76e3e0bb109470bf760c6fafe2"
  integrity sha512-vJI6vVH0/PjlCVdRJLXr1an0guRSYRE1uE5wnEUmgjp4erYBIOALn+0YR/W95fTCZfp9Y+YA2Ku9npo87/tqqg==
  dependencies:
    "@hyperswarm/network" "^1.5.0"
    shuffled-priority-queue "^2.1.0"
    utp-native "^2.1.7"

inherits@^2.0.1, inherits@^2.0.3, inherits@^2.0.4, inherits@~2.0.3:
  version "2.0.4"
  resolved "https://registry.yarnpkg.com/inherits/-/inherits-2.0.4.tgz#0fa2c64f932917c3433a0ded55363aae37416b7c"
  integrity sha512-k/vGaX4/Yla3WzyMCvTQOXYeIHvqOKtnqBduzTHpzpQZzAskKMhZ2K+EnBiSM9zGSoIFeMpXKxa4dYeZIQqewQ==

ini@^1.3.5:
  version "1.3.8"
  resolved "https://registry.yarnpkg.com/ini/-/ini-1.3.8.tgz#a29da425b48806f34767a4efce397269af28432c"
  integrity sha512-JV/yugV2uzW5iMRSiZAyDtQd+nxtUnjeLt0acNdw98kKLrvuRVyB80tsREOE7yvGVgalhZ6RNXCmEHkUKBKxew==

ip@^1.1.5:
  version "1.1.5"
  resolved "https://registry.yarnpkg.com/ip/-/ip-1.1.5.tgz#bdded70114290828c0a039e72ef25f5aaec4354a"
  integrity sha1-vd7XARQpCCjAoDnnLvJfWq7ENUo=

ipv4-peers@^2.0.0:
  version "2.0.0"
  resolved "https://registry.yarnpkg.com/ipv4-peers/-/ipv4-peers-2.0.0.tgz#56db3a04c1bbde4b9035d19757821d7b66b3fbb7"
  integrity sha512-6ZMWB3JnCWT0gISUkzChcUEkJS6+LpGRU3h10f9Mfc0usVmyIcbcTN9+QPMg29gLOY8WtaKFbM5ME8qNySoh8g==

is-file@^1.0.0:
  version "1.0.0"
  resolved "https://registry.yarnpkg.com/is-file/-/is-file-1.0.0.tgz#28a44cfbd9d3db193045f22b65fce8edf9620596"
  integrity sha1-KKRM+9nT2xkwRfIrZfzo7fliBZY=

is-typedarray@^1.0.0:
  version "1.0.0"
  resolved "https://registry.yarnpkg.com/is-typedarray/-/is-typedarray-1.0.0.tgz#e479c80858df0c1b11ddda6940f96011fcda4a9a"
  integrity sha1-5HnICFjfDBsR3dppQPlgEfzaSpo=

isarray@~1.0.0:
  version "1.0.0"
  resolved "https://registry.yarnpkg.com/isarray/-/isarray-1.0.0.tgz#bb935d48582cba168c06834957a54a3e07124f11"
  integrity sha1-u5NdSFgsuhaMBoNJV6VKPgcSTxE=

junk@^3.1.0:
  version "3.1.0"
  resolved "https://registry.yarnpkg.com/junk/-/junk-3.1.0.tgz#31499098d902b7e98c5d9b9c80f43457a88abfa1"
  integrity sha512-pBxcB3LFc8QVgdggvZWyeys+hnrNWg4OcZIU/1X59k5jQdLBlCsYGRQaz234SqoRLTCgMH00fY0xRJH+F9METQ==

k-bucket@^5.0.0:
  version "5.0.0"
  resolved "https://registry.yarnpkg.com/k-bucket/-/k-bucket-5.0.0.tgz#ef7a401fcd4c37cd31dceaa6ae4440ca91055e01"
  integrity sha512-r/q+wV/Kde62/tk+rqyttEJn6h0jR7x+incdMVSYTqK73zVxVrzJa70kJL49cIKen8XjIgUZKSvk8ktnrQbK4w==
  dependencies:
    randombytes "^2.0.3"

length-prefixed-stream@^1.5.0:
  version "1.6.0"
  resolved "https://registry.yarnpkg.com/length-prefixed-stream/-/length-prefixed-stream-1.6.0.tgz#6aeeecf38a337172ea0472250e90f5e15b8b2334"
  integrity sha512-gsJvrb5giDqil/ScQ7fEoplsI2Ch4DwnvnfTW2EGl9KBW6Ekzn8JSNESObqNAeZD8HkSjEMvc5XjhuB66fsSZQ==
  dependencies:
    buffer-alloc-unsafe "^1.0.0"
    readable-stream "^2.0.0"
    varint "^5.0.0"

length-prefixed-stream@^2.0.0:
  version "2.0.0"
  resolved "https://registry.yarnpkg.com/length-prefixed-stream/-/length-prefixed-stream-2.0.0.tgz#16e603c97aefb46f43ae4b5d22f1734ecd14ffce"
  integrity sha512-dvjTuWTKWe0oEznQcG6a9osfiYknCs7DEFJMP88n9Y581IFhYh1sZIgAFcuDOojKB0G7ftPreKhh4D0kh/VPjQ==
  dependencies:
    inherits "^2.0.3"
    readable-stream "^3.1.1"
    varint "^5.0.0"

mime@^2.4.5:
  version "2.4.5"
  resolved "https://registry.yarnpkg.com/mime/-/mime-2.4.5.tgz#d8de2ecb92982dedbb6541c9b6841d7f218ea009"
  integrity sha512-3hQhEUF027BuxZjQA3s7rIv/7VCQPa27hN9u9g87sEkWaKwQPuXOkVKtOeiyUrnWqTDiOs8Ed2rwg733mB0R5w==

minimist@^1.1.0:
  version "1.2.5"
  resolved "https://registry.yarnpkg.com/minimist/-/minimist-1.2.5.tgz#67d66014b66a6a8aaa0c083c5fd58df4e4e97602"
  integrity sha512-FM9nNUYrRBAELZQT3xeZQ7fmMOBg6nWNmJKTcgsJeaLstP/UODVpGsr5OhXhhXg6f+qtJ8uiZ+PUxkDWcgIXLw==

multicast-dns@^7.2.0:
  version "7.2.2"
  resolved "https://registry.yarnpkg.com/multicast-dns/-/multicast-dns-7.2.2.tgz#5731da04f47d1e435ac457e5ac7b4b39d866a5a1"
  integrity sha512-XqSMeO8EWV/nOXOpPV8ztIpNweVfE1dSpz6SQvDPp71HD74lMXjt4m/mWB1YBMG0kHtOodxRWc5WOb/UNN1A5g==
  dependencies:
    dns-packet "^4.0.0"
    thunky "^1.0.2"

multistream@^4.0.0:
  version "4.0.0"
  resolved "https://registry.yarnpkg.com/multistream/-/multistream-4.0.0.tgz#c771b6d17d169138b6abcb15f0061170e3c09cea"
  integrity sha512-t0C8MAtH/d3Y+5nooEtUMWli92lVw9Jhx4uOhRl5GAwS5vc+YTmp/VXNJNsCBAMeEyK/6zhbk6x9JE3AiCvo4g==
  dependencies:
    readable-stream "^3.4.0"

nanoassert@^1.0.0:
  version "1.1.0"
  resolved "https://registry.yarnpkg.com/nanoassert/-/nanoassert-1.1.0.tgz#4f3152e09540fde28c76f44b19bbcd1d5a42478d"
  integrity sha1-TzFS4JVA/eKMdvRLGbvNHVpCR40=

nanoresource@^1.0.0:
  version "1.3.0"
  resolved "https://registry.yarnpkg.com/nanoresource/-/nanoresource-1.3.0.tgz#823945d9667ab3e81a8b2591ab8d734552878cd0"
  integrity sha512-OI5dswqipmlYfyL3k/YMm7mbERlh4Bd1KuKdMHpeoVD1iVxqxaTMKleB4qaA2mbQZ6/zMNSxCXv9M9P/YbqTuQ==
  dependencies:
    inherits "^2.0.4"

napi-macros@^2.0.0:
  version "2.0.0"
  resolved "https://registry.yarnpkg.com/napi-macros/-/napi-macros-2.0.0.tgz#2b6bae421e7b96eb687aa6c77a7858640670001b"
  integrity sha512-A0xLykHtARfueITVDernsAWdtIMbOJgKgcluwENp3AlsKN/PloyO10HtmoqnFAQAcxPkgZN7wdfPfEd0zNGxbg==

node-fetch@^2.6.0:
  version "2.6.0"
  resolved "https://registry.yarnpkg.com/node-fetch/-/node-fetch-2.6.0.tgz#e633456386d4aa55863f676a7ab0daa8fdecb0fd"
  integrity sha512-8dG4H5ujfvFiqDmVu9fQ5bOHUC15JMjMY/Zumv26oOvvVJjM67KF8koCWIabKQ1GJIa9r2mMZscBq/TbdOcmNA==

node-gyp-build@^4.2.0:
  version "4.2.2"
  resolved "https://registry.yarnpkg.com/node-gyp-build/-/node-gyp-build-4.2.2.tgz#3f44b65adaafd42fb6c3d81afd630e45c847eb66"
  integrity sha512-Lqh7mrByWCM8Cf9UPqpeoVBBo5Ugx+RKu885GAzmLBVYjeywScxHXPGLa4JfYNZmcNGwzR0Glu5/9GaQZMFqyA==

once@^1.3.0, once@^1.3.1, once@^1.4.0:
  version "1.4.0"
  resolved "https://registry.yarnpkg.com/once/-/once-1.4.0.tgz#583b1aa775961d4b113ac17d9c50baef9dd76bd1"
  integrity sha1-WDsap3WWHUsROsF9nFC6753Xa9E=
  dependencies:
    wrappy "1"

piece-length@^2.0.1:
  version "2.0.1"
  resolved "https://registry.yarnpkg.com/piece-length/-/piece-length-2.0.1.tgz#dbed4e78976955f34466d0a65304d0cb21914ac9"
  integrity sha512-dBILiDmm43y0JPISWEmVGKBETQjwJe6mSU9GND+P9KW0SJGUwoU/odyH1nbalOP9i8WSYuqf1lQnaj92Bhw+Ug==

process-nextick-args@~2.0.0:
  version "2.0.1"
  resolved "https://registry.yarnpkg.com/process-nextick-args/-/process-nextick-args-2.0.1.tgz#7820d9b16120cc55ca9ae7792680ae7dba6d7fe2"
  integrity sha512-3ouUOpQhtgrbOa17J7+uxOTpITYWaGP7/AhoR3+A+/1e9skrzelGi/dXzEYyvbxubEF6Wn2ypscTKiKJFFn1ag==

protocol-buffers-encodings@^1.1.0:
  version "1.1.0"
  resolved "https://registry.yarnpkg.com/protocol-buffers-encodings/-/protocol-buffers-encodings-1.1.0.tgz#f3905631106669b85381bad47a336add7d206873"
  integrity sha512-SmjEuAf3hc3h3rWZ6V1YaaQw2MNJWK848gLJgzx/sefOJdNLujKinJVXIS0q2cBQpQn2Q32TinawZyDZPzm4kQ==
  dependencies:
    signed-varint "^2.0.1"
    varint "^5.0.0"

pump@^3.0.0:
  version "3.0.0"
  resolved "https://registry.yarnpkg.com/pump/-/pump-3.0.0.tgz#b4a2116815bde2f4e1ea602354e8c75565107a64"
  integrity sha512-LwZy+p3SFs1Pytd/jYct4wpv49HiYCqd9Rlc5ZVdk0V+8Yzv6jR5Blk3TRmPL1ft69TxP0IMZGJ+WPFU2BFhww==
  dependencies:
    end-of-stream "^1.1.0"
    once "^1.3.1"

pumpify@^2.0.1:
  version "2.0.1"
  resolved "https://registry.yarnpkg.com/pumpify/-/pumpify-2.0.1.tgz#abfc7b5a621307c728b551decbbefb51f0e4aa1e"
  integrity sha512-m7KOje7jZxrmutanlkS1daj1dS6z6BgslzOXmcSEpIlCxM3VJH7lG5QLeck/6hgF6F4crFf01UtQmNsJfweTAw==
  dependencies:
    duplexify "^4.1.1"
    inherits "^2.0.3"
    pump "^3.0.0"

queue-microtask@^1.1.2:
  version "1.1.2"
  resolved "https://registry.yarnpkg.com/queue-microtask/-/queue-microtask-1.1.2.tgz#139bf8186db0c545017ec66c2664ac646d5c571e"
  integrity sha512-F9wwNePtXrzZenAB3ax0Y8TSKGvuB7Qw16J30hspEUTbfUM+H827XyN3rlpwhVmtm5wuZtbKIHjOnwDn7MUxWQ==

randombytes@^2.0.3:
  version "2.1.0"
  resolved "https://registry.yarnpkg.com/randombytes/-/randombytes-2.1.0.tgz#df6f84372f0270dc65cdf6291349ab7a473d4f2a"
  integrity sha512-vYl3iOX+4CKUWuxGi9Ukhie6fsqXqS9FE2Zaic4tNFD2N2QQaXOMFbuKK4QmDHC0JO6B1Zp41J0LpT0oR68amQ==
  dependencies:
    safe-buffer "^5.1.0"

readable-stream@^2.0.0, readable-stream@^2.1.5:
  version "2.3.7"
  resolved "https://registry.yarnpkg.com/readable-stream/-/readable-stream-2.3.7.tgz#1eca1cf711aef814c04f62252a36a62f6cb23b57"
  integrity sha512-Ebho8K4jIbHAxnuxi7o42OrZgF/ZTNcsZj6nRKyUmkhLFq8CHItp/fy6hQZuZmP/n3yZ9VBUbp4zz/mX8hmYPw==
  dependencies:
    core-util-is "~1.0.0"
    inherits "~2.0.3"
    isarray "~1.0.0"
    process-nextick-args "~2.0.0"
    safe-buffer "~5.1.1"
    string_decoder "~1.1.1"
    util-deprecate "~1.0.1"

readable-stream@^3.0.2, readable-stream@^3.1.1, readable-stream@^3.4.0:
  version "3.6.0"
  resolved "https://registry.yarnpkg.com/readable-stream/-/readable-stream-3.6.0.tgz#337bbda3adc0706bd3e024426a286d4b4b2c9198"
  integrity sha512-BViHy7LKeTz4oNnkcLJ+lVSL6vpiFeX6/d3oSH8zCW7UxP2onchk+vTGB143xuFjHS3deTgkKoXXymXqymiIdA==
  dependencies:
    inherits "^2.0.3"
    string_decoder "^1.1.1"
    util-deprecate "^1.0.1"

record-cache@^1.1.0:
  version "1.1.0"
  resolved "https://registry.yarnpkg.com/record-cache/-/record-cache-1.1.0.tgz#f8a467a691a469584b26e88d36b18afdb3932037"
  integrity sha512-u8rbtLEJV7HRacl/ZYwSBFD8NFyB3PfTTfGLP37IW3hftQCwu6z4Q2RLyxo1YJUNRTEzJfpLpGwVuEYdaIkG9Q==

run-parallel@^1.0.0:
  version "1.1.9"
  resolved "https://registry.yarnpkg.com/run-parallel/-/run-parallel-1.1.9.tgz#c9dd3a7cf9f4b2c4b6244e173a6ed866e61dd679"
  integrity sha512-DEqnSRTDw/Tc3FXf49zedI638Z9onwUotBMiUFKmrO2sdFKIbXamXGQ3Axd4qgphxKB4kw/qP1w5kTxnfU1B9Q==

rusha@^0.8.1:
  version "0.8.13"
  resolved "https://registry.yarnpkg.com/rusha/-/rusha-0.8.13.tgz#9a084e7b860b17bff3015b92c67a6a336191513a"
  integrity sha1-mghOe4YLF7/zAVuSxnpqM2GRUTo=

safe-buffer@^5.1.0, safe-buffer@^5.1.1, safe-buffer@~5.2.0:
  version "5.2.1"
  resolved "https://registry.yarnpkg.com/safe-buffer/-/safe-buffer-5.2.1.tgz#1eaf9fa9bdb1fdd4ec75f58f9cdb4e6b7827eec6"
  integrity sha512-rp3So07KcdmmKbGvgaNxQSJr7bGVSVk5S9Eq1F+ppbRo70+YeaDxkw5Dd8NPN+GD6bjnYm2VuPuCXmpuYvmCXQ==

safe-buffer@~5.1.0, safe-buffer@~5.1.1:
  version "5.1.2"
  resolved "https://registry.yarnpkg.com/safe-buffer/-/safe-buffer-5.1.2.tgz#991ec69d296e0313747d59bdfd2b745c35f8828d"
  integrity sha512-Gd2UZBJDkXlY7GbJxfsE8/nvKkUEU1G38c1siN6QP6a9PT9MmHB8GnpscSmMJSoF8LOIrt8ud/wPtojys4G6+g==

servor@^3.3.1:
  version "3.3.1"
  resolved "https://registry.yarnpkg.com/servor/-/servor-3.3.1.tgz#6862a9016837c5bd8c7ab20c05c775d72dfceab2"
  integrity sha512-3597Ob1ZKGzRYNZSgD/LSpiQcj3JRN6MvIDFUxkcwtWwUvXkrskhPT3Z5FiFFS3RIG0Je94x56Y9AfvY+mcvgA==

shuffled-priority-queue@^2.1.0:
  version "2.1.0"
  resolved "https://registry.yarnpkg.com/shuffled-priority-queue/-/shuffled-priority-queue-2.1.0.tgz#432bf14dd90f7c4dd1705752d81aadf454fd3af6"
  integrity sha512-xhdh7fHyMsr0m/w2kDfRJuBFRS96b9l8ZPNWGaQ+PMvnUnZ/Eh+gJJ9NsHBd7P9k0399WYlCLzsy18EaMfyadA==
  dependencies:
    unordered-set "^2.0.1"

signed-varint@^2.0.1:
  version "2.0.1"
  resolved "https://registry.yarnpkg.com/signed-varint/-/signed-varint-2.0.1.tgz#50a9989da7c98c2c61dad119bc97470ef8528129"
  integrity sha1-UKmYnafJjCxh2tEZvJdHDvhSgSk=
  dependencies:
    varint "~5.0.0"

simple-sha1@^3.0.0:
  version "3.0.1"
  resolved "https://registry.yarnpkg.com/simple-sha1/-/simple-sha1-3.0.1.tgz#b34c3c978d74ac4baf99b6555c1e6736e0d6e700"
  integrity sha512-q7ehqWfHc1VhOm7sW099YDZ4I0yYX7rqyhqqhHV1IYeUTjPOhHyD3mXvv8k2P+rO7+7c8R4/D+8ffzC9BE7Cqg==
  dependencies:
    queue-microtask "^1.1.2"
    rusha "^0.8.1"

sodium-native@^3.0.1, sodium-native@^3.1.1:
  version "3.1.1"
  resolved "https://registry.yarnpkg.com/sodium-native/-/sodium-native-3.1.1.tgz#268eb00cd438b21c7dac20cb5b50819ad2813ec3"
  integrity sha512-XA85yUIW28Oeba0knYdLOobNEI4ACpyayjaG1eOwazcCtcIuB5xViPwV2bb3bc2ppUcX+dLTqxxj7cQBZNEpXw==
  dependencies:
    ini "^1.3.5"
    node-gyp-build "^4.2.0"

speedometer@^1.1.0:
  version "1.1.0"
  resolved "https://registry.yarnpkg.com/speedometer/-/speedometer-1.1.0.tgz#a30b13abda45687a1a76977012c060f2ac8a7934"
  integrity sha512-z/wAiTESw2XVPssY2XRcme4niTc4S5FkkJ4gknudtVoc33Zil8TdTxHy5torRcgqMqksJV2Yz8HQcvtbsnw0mQ==

stream-channels@^1.4.1:
  version "1.4.1"
  resolved "https://registry.yarnpkg.com/stream-channels/-/stream-channels-1.4.1.tgz#8d3a1a928dcebc380e273dc5257b434d0463ef2e"
  integrity sha1-jToako3OvDgOJz3FJXtDTQRj7y4=
  dependencies:
    duplexify "^3.5.0"
    inherits "^2.0.3"
    length-prefixed-stream "^1.5.0"
    readable-stream "^2.1.5"
    varint "^5.0.0"

stream-collector@^1.0.1:
  version "1.0.1"
  resolved "https://registry.yarnpkg.com/stream-collector/-/stream-collector-1.0.1.tgz#4d4e55f171356121b2c5f6559f944705ab28db15"
  integrity sha1-TU5V8XE1YSGyxfZVn5RHBaso2xU=
  dependencies:
    once "^1.3.1"

stream-shift@^1.0.0:
  version "1.0.1"
  resolved "https://registry.yarnpkg.com/stream-shift/-/stream-shift-1.0.1.tgz#d7088281559ab2778424279b0877da3c392d5a3d"
  integrity sha512-AiisoFqQ0vbGcZgQPY1cdP2I76glaVA/RauYR4G4thNFgkTqr90yXTo4LYX60Jl+sIlPNHHdGSwo01AvbKUSVQ==

string_decoder@^1.1.1:
  version "1.3.0"
  resolved "https://registry.yarnpkg.com/string_decoder/-/string_decoder-1.3.0.tgz#42f114594a46cf1a8e30b0a84f56c78c3edac21e"
  integrity sha512-hkRX8U1WjJFd8LsDJ2yQ/wWWxaopEsABU1XfkM8A+j0+85JAGppt16cr1Whg6KIbb4okU6Mql6BOj+uup/wKeA==
  dependencies:
    safe-buffer "~5.2.0"

string_decoder@~1.1.1:
  version "1.1.1"
  resolved "https://registry.yarnpkg.com/string_decoder/-/string_decoder-1.1.1.tgz#9cf1611ba62685d7030ae9e4ba34149c3af03fc8"
  integrity sha512-n/ShnvDi6FHbbVfviro+WojiFzv+s8MPMHBczVePfUpDJLwoLT0ht1l4YwBCbi8pJAveEEdnkHyPyTP/mzRfwg==
  dependencies:
    safe-buffer "~5.1.0"

thunky@^1.0.2:
  version "1.1.0"
  resolved "https://registry.yarnpkg.com/thunky/-/thunky-1.1.0.tgz#5abaf714a9405db0504732bbccd2cedd9ef9537d"
  integrity sha512-eHY7nBftgThBqOyHGVN+l8gF0BucP09fMo0oO/Lb0w1OF80dJv+lDVpXG60WMQvkcxAkNybKsrEIE3ZtKGmPrA==

time-ordered-set@^1.0.1:
  version "1.0.2"
  resolved "https://registry.yarnpkg.com/time-ordered-set/-/time-ordered-set-1.0.2.tgz#3bd931fc048234147f8c2b8b1ebbebb0a3ecb96f"
  integrity sha512-vGO99JkxvgX+u+LtOKQEpYf31Kj3i/GNwVstfnh4dyINakMgeZCpew1e3Aj+06hEslhtHEd52g7m5IV+o1K8Mw==

timeout-refresh@^1.0.0, timeout-refresh@^1.0.2:
  version "1.0.2"
  resolved "https://registry.yarnpkg.com/timeout-refresh/-/timeout-refresh-1.0.2.tgz#3fee27c3543f96268816fb68a8cec132be239693"
  integrity sha512-lsO23gD/EeW53AvEoTOleUFqTIapZTu5NPzD6ndUGs0+G1IuN0+hu2kT6I3AmNX2fiOrcC6umtzMEv1XQmajgQ==

typedarray-to-buffer@^3.0.0:
  version "3.1.5"
  resolved "https://registry.yarnpkg.com/typedarray-to-buffer/-/typedarray-to-buffer-3.1.5.tgz#a97ee7a9ff42691b9f783ff1bc5112fe3fca9080"
  integrity sha512-zdu8XMNEDepKKR+XYOXAVPtWui0ly0NtohUscw+UmaHiAWT8hrV1rr//H6V+0DvJ3OQ19S979M0laLfX8rm82Q==
  dependencies:
    is-typedarray "^1.0.0"

uint64be@^2.0.2:
  version "2.0.2"
  resolved "https://registry.yarnpkg.com/uint64be/-/uint64be-2.0.2.tgz#ef4a179752fe8f9ddaa29544ecfc13490031e8e5"
  integrity sha512-9QqdvpGQTXgxthP+lY4e/gIBy+RuqcBaC6JVwT5I3bDLgT/btL6twZMR0pI3/Fgah9G/pdwzIprE5gL6v9UvyQ==
  dependencies:
    buffer-alloc "^1.1.0"

unordered-set@^2.0.1:
  version "2.0.1"
  resolved "https://registry.yarnpkg.com/unordered-set/-/unordered-set-2.0.1.tgz#4cd0fe27b8814bcf5d6073e5f0966ec7a50841e6"
  integrity sha512-eUmNTPzdx+q/WvOHW0bgGYLWvWHNT3PTKEQLg0MAQhc0AHASHVHoP/9YytYd4RBVariqno/mEUhVZN98CmD7bg==

util-deprecate@^1.0.1, util-deprecate@~1.0.1:
  version "1.0.2"
  resolved "https://registry.yarnpkg.com/util-deprecate/-/util-deprecate-1.0.2.tgz#450d4dc9fa70de732762fbd2d4a28981419a0ccf"
  integrity sha1-RQ1Nyfpw3nMnYvvS1KKJgUGaDM8=

utp-native@^2.1.3, utp-native@^2.1.7:
  version "2.1.10"
  resolved "https://registry.yarnpkg.com/utp-native/-/utp-native-2.1.10.tgz#7bea315d71478a5c9466cf3ee7f7bd2b09c66a2c"
  integrity sha512-VTjBvb/uE9gYqx2NGVPtAWhqv9itieW+wJceJg5G6Cl/2kBCnHDaFafw3fNgCvii7meTpC4AoZfy6OG0pnuQ/Q==
  dependencies:
    napi-macros "^2.0.0"
    node-gyp-build "^4.2.0"
    readable-stream "^3.0.2"
    timeout-refresh "^1.0.0"
    unordered-set "^2.0.1"

varint@^5.0.0, varint@~5.0.0:
  version "5.0.0"
  resolved "https://registry.yarnpkg.com/varint/-/varint-5.0.0.tgz#d826b89f7490732fabc0c0ed693ed475dcb29ebf"
  integrity sha1-2Ca4n3SQcy+rwMDtaT7Uddyynr8=

wrappy@1:
  version "1.0.2"
  resolved "https://registry.yarnpkg.com/wrappy/-/wrappy-1.0.2.tgz#b5243d8f3ec1aa35f1364605bc0d1036e30ab69f"
  integrity sha1-tSQ9jz7BqjXxNkYFvA0QNuMKtp8=

xor-distance@^2.0.0:
  version "2.0.0"
  resolved "https://registry.yarnpkg.com/xor-distance/-/xor-distance-2.0.0.tgz#cad3920d3a1e3d73eeedc61a554e51972dae0798"
  integrity sha512-AsAqZfPAuWx7qB/0kyRDUEvoU3QKsHWzHU9smFlkaiprEpGfJ/NBbLze2Uq0rdkxCxkNM9uOLvz/KoNBCbZiLQ==
